
Microsoft Visual Studio Solution File, Format Version 12.00
# Visual Studio 2015
Project("{FAE04EC0-301F-11D3-BF4B-00C04F79EFBC}") = "05.CSharp.Plugins", "05.CSharp.Plugins.csproj", "{AB4436BF-0174-79BB-8715-599F46C402F9}"
EndProject
Project("{FAE04EC0-301F-11D3-BF4B-00C04F79EFBC}") = "05.CSharp", "05.CSharp.csproj", "{5A83ADFE-8091-18AB-050F-C7819946AED7}"
EndProject
Project("{FAE04EC0-301F-11D3-BF4B-00C04F79EFBC}") = "05.CSharp.Editor", "05.CSharp.Editor.csproj", "{A6A43BE1-1CBB-15BA-5894-ED14C224B5F6}"
EndProject
Global
	GlobalSection(SolutionConfigurationPlatforms) = preSolution
		Debug|Any CPU = Debug|Any CPU
		Release|Any CPU = Release|Any CPU
	EndGlobalSection
	GlobalSection(ProjectConfigurationPlatforms) = postSolution
		{AB4436BF-0174-79BB-8715-599F46C402F9}.Debug|Any CPU.ActiveCfg = Debug|Any CPU
		{AB4436BF-0174-79BB-8715-599F46C402F9}.Debug|Any CPU.Build.0 = Debug|Any CPU
		{AB4436BF-0174-79BB-8715-599F46C402F9}.Release|Any CPU.ActiveCfg = Release|Any CPU
		{AB4436BF-0174-79BB-8715-599F46C402F9}.Release|Any CPU.Build.0 = Release|Any CPU
		{5A83ADFE-8091-18AB-050F-C7819946AED7}.Debug|Any CPU.ActiveCfg = Debug|Any CPU
		{5A83ADFE-8091-18AB-050F-C7819946AED7}.Debug|Any CPU.Build.0 = Debug|Any CPU
		{5A83ADFE-8091-18AB-050F-C7819946AED7}.Release|Any CPU.ActiveCfg = Release|Any CPU
		{5A83ADFE-8091-18AB-050F-C7819946AED7}.Release|Any CPU.Build.0 = Release|Any CPU
		{A6A43BE1-1CBB-15BA-5894-ED14C224B5F6}.Debug|Any CPU.ActiveCfg = Debug|Any CPU
		{A6A43BE1-1CBB-15BA-5894-ED14C224B5F6}.Debug|Any CPU.Build.0 = Debug|Any CPU
		{A6A43BE1-1CBB-15BA-5894-ED14C224B5F6}.Release|Any CPU.ActiveCfg = Release|Any CPU
		{A6A43BE1-1CBB-15BA-5894-ED14C224B5F6}.Release|Any CPU.Build.0 = Release|Any CPU
	EndGlobalSection
	GlobalSection(SolutionProperties) = preSolution
		HideSolutionNode = FALSE
	EndGlobalSection
EndGlobal
